
Microsoft Visual Studio Solution File, Format Version 12.00
# Visual Studio Version 16
VisualStudioVersion = 16.0.31702.278
MinimumVisualStudioVersion = 10.0.40219.1
Project("{FAE04EC0-301F-11D3-BF4B-00C04F79EFBC}") = "MegaDesk", "MegaDesk\MegaDesk.csproj", "{EE1C11FF-6A29-4BD6-AC2A-AA6721957FAA}"
EndProject
Global
	GlobalSection(SolutionConfigurationPlatforms) = preSolution
		Debug|Any CPU = Debug|Any CPU
		Release|Any CPU = Release|Any CPU
	EndGlobalSection
	GlobalSection(ProjectConfigurationPlatforms) = postSolution
		{EE1C11FF-6A29-4BD6-AC2A-AA6721957FAA}.Debug|Any CPU.ActiveCfg = Debug|Any CPU
		{EE1C11FF-6A29-4BD6-AC2A-AA6721957FAA}.Debug|Any CPU.Build.0 = Debug|Any CPU
		{EE1C11FF-6A29-4BD6-AC2A-AA6721957FAA}.Release|Any CPU.ActiveCfg = Release|Any CPU
		{EE1C11FF-6A29-4BD6-AC2A-AA6721957FAA}.Release|Any CPU.Build.0 = Release|Any CPU
	EndGlobalSection
	GlobalSection(SolutionProperties) = preSolution
		HideSolutionNode = FALSE
	EndGlobalSection
	GlobalSection(ExtensibilityGlobals) = postSolution
		SolutionGuid = {F212F9DB-013C-457D-8253-71FECA2DD0CB}
	EndGlobalSection
EndGlobal
